
Microsoft Visual Studio Solution File, Format Version 12.00
# Visual Studio Version 17
VisualStudioVersion = 17.13.35825.156 d17.13
MinimumVisualStudioVersion = 10.0.40219.1
Project("{FAE04EC0-301F-11D3-BF4B-00C04F79EFBC}") = "AOBScanner", "AOBScanner.csproj", "{DE1F6FC0-29BF-47AB-B327-29608713D80B}"
EndProject
Global
	GlobalSection(SolutionConfigurationPlatforms) = preSolution
		Debug|Any CPU = Debug|Any CPU
		Release|Any CPU = Release|Any CPU
	EndGlobalSection
	GlobalSection(ProjectConfigurationPlatforms) = postSolution
		{DE1F6FC0-29BF-47AB-B327-29608713D80B}.Debug|Any CPU.ActiveCfg = Debug|Any CPU
		{DE1F6FC0-29BF-47AB-B327-29608713D80B}.Debug|Any CPU.Build.0 = Debug|Any CPU
		{DE1F6FC0-29BF-47AB-B327-29608713D80B}.Release|Any CPU.ActiveCfg = Release|Any CPU
		{DE1F6FC0-29BF-47AB-B327-29608713D80B}.Release|Any CPU.Build.0 = Release|Any CPU
	EndGlobalSection
	GlobalSection(SolutionProperties) = preSolution
		HideSolutionNode = FALSE
	EndGlobalSection
	GlobalSection(ExtensibilityGlobals) = postSolution
		SolutionGuid = {7F433242-9D03-492F-8531-888C57F671BF}
	EndGlobalSection
EndGlobal
